
Microsoft Visual Studio Solution File, Format Version 12.00
# Visual Studio Version 17
VisualStudioVersion = 17.4.33103.184
MinimumVisualStudioVersion = 10.0.40219.1
Project("{FAE04EC0-301F-11D3-BF4B-00C04F79EFBC}") = "Cliente", "ExerciciosRevisaoParte2\Cliente.csproj", "{F5B0978A-DF6A-4CEB-BFE8-71102D9DB9F5}"
EndProject
Global
	GlobalSection(SolutionConfigurationPlatforms) = preSolution
		Debug|Any CPU = Debug|Any CPU
		Release|Any CPU = Release|Any CPU
	EndGlobalSection
	GlobalSection(ProjectConfigurationPlatforms) = postSolution
		{F5B0978A-DF6A-4CEB-BFE8-71102D9DB9F5}.Debug|Any CPU.ActiveCfg = Debug|Any CPU
		{F5B0978A-DF6A-4CEB-BFE8-71102D9DB9F5}.Debug|Any CPU.Build.0 = Debug|Any CPU
		{F5B0978A-DF6A-4CEB-BFE8-71102D9DB9F5}.Release|Any CPU.ActiveCfg = Release|Any CPU
		{F5B0978A-DF6A-4CEB-BFE8-71102D9DB9F5}.Release|Any CPU.Build.0 = Release|Any CPU
	EndGlobalSection
	GlobalSection(SolutionProperties) = preSolution
		HideSolutionNode = FALSE
	EndGlobalSection
	GlobalSection(ExtensibilityGlobals) = postSolution
		SolutionGuid = {0B1E8DF7-728E-47B1-87F1-A1C2B2CF787B}
	EndGlobalSection
EndGlobal
